{
  "name": "@selfage/screenshot_test_matcher",
  "version": "0.0.1",
  "lockfileVersion": 2,
  "requires": true,
  "packages": {
    "": {
      "name": "@selfage/screenshot_test_matcher",
      "version": "0.0.1",
      "license": "GPL-3.0-or-later",
      "dependencies": {
        "@selfage/test_matcher": "^1.1.0",
        "pixelmatch": "^5.2.1",
        "pngjs": "^6.0.0"
      },
      "devDependencies": {
        "@selfage/cli": "^2.3.2",
        "@selfage/test_runner": "^2.1.0",
        "@selfage/tsconfig": "^1.0.7",
        "@types/node": "^14.17.32",
        "@types/pixelmatch": "^5.2.4",
        "@types/pngjs": "^6.0.1",
        "typescript": "^4.2.3"
      }
    },
    "node_modules/@selfage/cli": {
      "version": "2.3.2",
      "resolved": "https://registry.npmjs.org/@selfage/cli/-/cli-2.3.2.tgz",
      "integrity": "sha512-TLBoq2WH2ianmRFWNtg2qg4xyHyv2FKjIzGDuOnJdMde1ahwvEUH/F4OK7rjmniqwRsloJUu7z7MFemrEwqPag==",
      "dev": true,
      "dependencies": {
        "commander": "^8.0.0",
        "ignore": "^5.1.8",
        "prettier": "^2.2.1",
        "resolve": "^1.19.0",
        "source-map-support": "^0.5.19",
        "typescript": "^4.1.3",
        "yaml": "^1.10.0"
      },
      "bin": {
        "selfage": "main.js"
      }
    },
    "node_modules/@selfage/puppeteer_executor_api": {
      "version": "1.1.1",
      "resolved": "https://registry.npmjs.org/@selfage/puppeteer_executor_api/-/puppeteer_executor_api-1.1.1.tgz",
      "integrity": "sha512-a7fvGA7Zsdn3JFuV0MxLqSEU+eOKhhMUdforfzTMBmzhiN46C1akgPd89mMQutpKJBXTB9XYOuP+YAZ78LoWgg==",
      "dev": true,
      "dependencies": {
        "@types/node": "^15.12.4"
      }
    },
    "node_modules/@selfage/puppeteer_executor_api/node_modules/@types/node": {
      "version": "15.14.9",
      "resolved": "https://registry.npmjs.org/@types/node/-/node-15.14.9.tgz",
      "integrity": "sha512-qjd88DrCxupx/kJD5yQgZdcYKZKSIGBVDIBE1/LTGcNm3d2Np/jxojkdePDdfnBHJc5W7vSMpbJ1aB7p/Py69A==",
      "dev": true
    },
    "node_modules/@selfage/test_matcher": {
      "version": "1.1.0",
      "resolved": "https://registry.npmjs.org/@selfage/test_matcher/-/test_matcher-1.1.0.tgz",
      "integrity": "sha512-xFJmNjYOCEXRoU0qrLk+dsndO1Y9h4f7V8QmthqHrHHOV1NzlHTQXXDOU6eInm7CnKTr8UmEp3vxsh5yARFx2g=="
    },
    "node_modules/@selfage/test_runner": {
      "version": "2.1.0",
      "resolved": "https://registry.npmjs.org/@selfage/test_runner/-/test_runner-2.1.0.tgz",
      "integrity": "sha512-d7sdwGBwWow+7iARYDsv/JUUx9MFiJub3FVBM8IGWJMY05gxqGi+5EMO2fqwAcHfTIGu5qk7ORxY681xov1eOg==",
      "dev": true,
      "dependencies": {
        "@selfage/puppeteer_executor_api": "^1.1.1",
        "commander": "^8.0.0",
        "source-map-support": "^0.5.19"
      }
    },
    "node_modules/@selfage/tsconfig": {
      "version": "1.0.7",
      "resolved": "https://registry.npmjs.org/@selfage/tsconfig/-/tsconfig-1.0.7.tgz",
      "integrity": "sha512-8qk0kkWMfL/hHiV400QaplaZbMJoArFETxYT+3z/T3BZ5Cx0SeZgKB6N+sledpchZBZzpcGHx9d00+uf+faGfA==",
      "dev": true
    },
    "node_modules/@types/node": {
      "version": "14.17.32",
      "resolved": "https://registry.npmjs.org/@types/node/-/node-14.17.32.tgz",
      "integrity": "sha512-JcII3D5/OapPGx+eJ+Ik1SQGyt6WvuqdRfh9jUwL6/iHGjmyOriBDciBUu7lEIBTL2ijxwrR70WUnw5AEDmFvQ==",
      "dev": true
    },
    "node_modules/@types/pixelmatch": {
      "version": "5.2.4",
      "resolved": "https://registry.npmjs.org/@types/pixelmatch/-/pixelmatch-5.2.4.tgz",
      "integrity": "sha512-HDaSHIAv9kwpMN7zlmwfTv6gax0PiporJOipcrGsVNF3Ba+kryOZc0Pio5pn6NhisgWr7TaajlPEKTbTAypIBQ==",
      "dev": true,
      "dependencies": {
        "@types/node": "*"
      }
    },
    "node_modules/@types/pngjs": {
      "version": "6.0.1",
      "resolved": "https://registry.npmjs.org/@types/pngjs/-/pngjs-6.0.1.tgz",
      "integrity": "sha512-J39njbdW1U/6YyVXvC9+1iflZghP8jgRf2ndYghdJb5xL49LYDB+1EuAxfbuJ2IBbWIL3AjHPQhgaTxT3YaYeg==",
      "dev": true,
      "dependencies": {
        "@types/node": "*"
      }
    },
    "node_modules/buffer-from": {
      "version": "1.1.2",
      "resolved": "https://registry.npmjs.org/buffer-from/-/buffer-from-1.1.2.tgz",
      "integrity": "sha512-E+XQCRwSbaaiChtv6k6Dwgc+bx+Bs6vuKJHHl5kox/BaKbhiXzqQOwK4cO22yElGp2OCmjwVhT3HmxgyPGnJfQ==",
      "dev": true
    },
    "node_modules/commander": {
      "version": "8.3.0",
      "resolved": "https://registry.npmjs.org/commander/-/commander-8.3.0.tgz",
      "integrity": "sha512-OkTL9umf+He2DZkUq8f8J9of7yL6RJKI24dVITBmNfZBmri9zYZQrKkuXiKhyfPSu8tUhnVBB1iKXevvnlR4Ww==",
      "dev": true,
      "engines": {
        "node": ">= 12"
      }
    },
    "node_modules/function-bind": {
      "version": "1.1.1",
      "resolved": "https://registry.npmjs.org/function-bind/-/function-bind-1.1.1.tgz",
      "integrity": "sha512-yIovAzMX49sF8Yl58fSCWJ5svSLuaibPxXQJFLmBObTuCr0Mf1KiPopGM9NiFjiYBCbfaa2Fh6breQ6ANVTI0A==",
      "dev": true
    },
    "node_modules/has": {
      "version": "1.0.3",
      "resolved": "https://registry.npmjs.org/has/-/has-1.0.3.tgz",
      "integrity": "sha512-f2dvO0VU6Oej7RkWJGrehjbzMAjFp5/VKPp5tTpWIV4JHHZK1/BxbFRtf/siA2SWTe09caDmVtYYzWEIbBS4zw==",
      "dev": true,
      "dependencies": {
        "function-bind": "^1.1.1"
      },
      "engines": {
        "node": ">= 0.4.0"
      }
    },
    "node_modules/ignore": {
      "version": "5.1.9",
      "resolved": "https://registry.npmjs.org/ignore/-/ignore-5.1.9.tgz",
      "integrity": "sha512-2zeMQpbKz5dhZ9IwL0gbxSW5w0NK/MSAMtNuhgIHEPmaU3vPdKPL0UdvUCXs5SS4JAwsBxysK5sFMW8ocFiVjQ==",
      "dev": true,
      "engines": {
        "node": ">= 4"
      }
    },
    "node_modules/is-core-module": {
      "version": "2.8.0",
      "resolved": "https://registry.npmjs.org/is-core-module/-/is-core-module-2.8.0.tgz",
      "integrity": "sha512-vd15qHsaqrRL7dtH6QNuy0ndJmRDrS9HAM1CAiSifNUFv4x1a0CCVsj18hJ1mShxIG6T2i1sO78MkP56r0nYRw==",
      "dev": true,
      "dependencies": {
        "has": "^1.0.3"
      },
      "funding": {
        "url": "https://github.com/sponsors/ljharb"
      }
    },
    "node_modules/path-parse": {
      "version": "1.0.7",
      "resolved": "https://registry.npmjs.org/path-parse/-/path-parse-1.0.7.tgz",
      "integrity": "sha512-LDJzPVEEEPR+y48z93A0Ed0yXb8pAByGWo/k5YYdYgpY2/2EsOsksJrq7lOHxryrVOn1ejG6oAp8ahvOIQD8sw==",
      "dev": true
    },
    "node_modules/pixelmatch": {
      "version": "5.2.1",
      "resolved": "https://registry.npmjs.org/pixelmatch/-/pixelmatch-5.2.1.tgz",
      "integrity": "sha512-WjcAdYSnKrrdDdqTcVEY7aB7UhhwjYQKYhHiBXdJef0MOaQeYpUdQ+iVyBLa5YBKS8MPVPPMX7rpOByISLpeEQ==",
      "dependencies": {
        "pngjs": "^4.0.1"
      },
      "bin": {
        "pixelmatch": "bin/pixelmatch"
      }
    },
    "node_modules/pixelmatch/node_modules/pngjs": {
      "version": "4.0.1",
      "resolved": "https://registry.npmjs.org/pngjs/-/pngjs-4.0.1.tgz",
      "integrity": "sha512-rf5+2/ioHeQxR6IxuYNYGFytUyG3lma/WW1nsmjeHlWwtb2aByla6dkVc8pmJ9nplzkTA0q2xx7mMWrOTqT4Gg==",
      "engines": {
        "node": ">=8.0.0"
      }
    },
    "node_modules/pngjs": {
      "version": "6.0.0",
      "resolved": "https://registry.npmjs.org/pngjs/-/pngjs-6.0.0.tgz",
      "integrity": "sha512-TRzzuFRRmEoSW/p1KVAmiOgPco2Irlah+bGFCeNfJXxxYGwSw7YwAOAcd7X28K/m5bjBWKsC29KyoMfHbypayg==",
      "engines": {
        "node": ">=12.13.0"
      }
    },
    "node_modules/prettier": {
      "version": "2.4.1",
      "resolved": "https://registry.npmjs.org/prettier/-/prettier-2.4.1.tgz",
      "integrity": "sha512-9fbDAXSBcc6Bs1mZrDYb3XKzDLm4EXXL9sC1LqKP5rZkT6KRr/rf9amVUcODVXgguK/isJz0d0hP72WeaKWsvA==",
      "dev": true,
      "bin": {
        "prettier": "bin-prettier.js"
      },
      "engines": {
        "node": ">=10.13.0"
      }
    },
    "node_modules/resolve": {
      "version": "1.20.0",
      "resolved": "https://registry.npmjs.org/resolve/-/resolve-1.20.0.tgz",
      "integrity": "sha512-wENBPt4ySzg4ybFQW2TT1zMQucPK95HSh/nq2CFTZVOGut2+pQvSsgtda4d26YrYcr067wjbmzOG8byDPBX63A==",
      "dev": true,
      "dependencies": {
        "is-core-module": "^2.2.0",
        "path-parse": "^1.0.6"
      },
      "funding": {
        "url": "https://github.com/sponsors/ljharb"
      }
    },
    "node_modules/source-map": {
      "version": "0.6.1",
      "resolved": "https://registry.npmjs.org/source-map/-/source-map-0.6.1.tgz",
      "integrity": "sha512-UjgapumWlbMhkBgzT7Ykc5YXUT46F0iKu8SGXq0bcwP5dz/h0Plj6enJqjz1Zbq2l5WaqYnrVbwWOWMyF3F47g==",
      "dev": true,
      "engines": {
        "node": ">=0.10.0"
      }
    },
    "node_modules/source-map-support": {
      "version": "0.5.20",
      "resolved": "https://registry.npmjs.org/source-map-support/-/source-map-support-0.5.20.tgz",
      "integrity": "sha512-n1lZZ8Ve4ksRqizaBQgxXDgKwttHDhyfQjA6YZZn8+AroHbsIz+JjwxQDxbp+7y5OYCI8t1Yk7etjD9CRd2hIw==",
      "dev": true,
      "dependencies": {
        "buffer-from": "^1.0.0",
        "source-map": "^0.6.0"
      }
    },
    "node_modules/typescript": {
      "version": "4.4.4",
      "resolved": "https://registry.npmjs.org/typescript/-/typescript-4.4.4.tgz",
      "integrity": "sha512-DqGhF5IKoBl8WNf8C1gu8q0xZSInh9j1kJJMqT3a94w1JzVaBU4EXOSMrz9yDqMT0xt3selp83fuFMQ0uzv6qA==",
      "dev": true,
      "bin": {
        "tsc": "bin/tsc",
        "tsserver": "bin/tsserver"
      },
      "engines": {
        "node": ">=4.2.0"
      }
    },
    "node_modules/yaml": {
      "version": "1.10.2",
      "resolved": "https://registry.npmjs.org/yaml/-/yaml-1.10.2.tgz",
      "integrity": "sha512-r3vXyErRCYJ7wg28yvBY5VSoAF8ZvlcW9/BwUzEtUsjvX/DKs24dIkuwjtuprwJJHsbyUbLApepYTR1BN4uHrg==",
      "dev": true,
      "engines": {
        "node": ">= 6"
      }
    }
  },
  "dependencies": {
    "@selfage/cli": {
      "version": "2.3.2",
      "resolved": "https://registry.npmjs.org/@selfage/cli/-/cli-2.3.2.tgz",
      "integrity": "sha512-TLBoq2WH2ianmRFWNtg2qg4xyHyv2FKjIzGDuOnJdMde1ahwvEUH/F4OK7rjmniqwRsloJUu7z7MFemrEwqPag==",
      "dev": true,
      "requires": {
        "commander": "^8.0.0",
        "ignore": "^5.1.8",
        "prettier": "^2.2.1",
        "resolve": "^1.19.0",
        "source-map-support": "^0.5.19",
        "typescript": "^4.1.3",
        "yaml": "^1.10.0"
      }
    },
    "@selfage/puppeteer_executor_api": {
      "version": "1.1.1",
      "resolved": "https://registry.npmjs.org/@selfage/puppeteer_executor_api/-/puppeteer_executor_api-1.1.1.tgz",
      "integrity": "sha512-a7fvGA7Zsdn3JFuV0MxLqSEU+eOKhhMUdforfzTMBmzhiN46C1akgPd89mMQutpKJBXTB9XYOuP+YAZ78LoWgg==",
      "dev": true,
      "requires": {
        "@types/node": "^15.12.4"
      },
      "dependencies": {
        "@types/node": {
          "version": "15.14.9",
          "resolved": "https://registry.npmjs.org/@types/node/-/node-15.14.9.tgz",
          "integrity": "sha512-qjd88DrCxupx/kJD5yQgZdcYKZKSIGBVDIBE1/LTGcNm3d2Np/jxojkdePDdfnBHJc5W7vSMpbJ1aB7p/Py69A==",
          "dev": true
        }
      }
    },
    "@selfage/test_matcher": {
      "version": "1.1.0",
      "resolved": "https://registry.npmjs.org/@selfage/test_matcher/-/test_matcher-1.1.0.tgz",
      "integrity": "sha512-xFJmNjYOCEXRoU0qrLk+dsndO1Y9h4f7V8QmthqHrHHOV1NzlHTQXXDOU6eInm7CnKTr8UmEp3vxsh5yARFx2g=="
    },
    "@selfage/test_runner": {
      "version": "2.1.0",
      "resolved": "https://registry.npmjs.org/@selfage/test_runner/-/test_runner-2.1.0.tgz",
      "integrity": "sha512-d7sdwGBwWow+7iARYDsv/JUUx9MFiJub3FVBM8IGWJMY05gxqGi+5EMO2fqwAcHfTIGu5qk7ORxY681xov1eOg==",
      "dev": true,
      "requires": {
        "@selfage/puppeteer_executor_api": "^1.1.1",
        "commander": "^8.0.0",
        "source-map-support": "^0.5.19"
      }
    },
    "@selfage/tsconfig": {
      "version": "1.0.7",
      "resolved": "https://registry.npmjs.org/@selfage/tsconfig/-/tsconfig-1.0.7.tgz",
      "integrity": "sha512-8qk0kkWMfL/hHiV400QaplaZbMJoArFETxYT+3z/T3BZ5Cx0SeZgKB6N+sledpchZBZzpcGHx9d00+uf+faGfA==",
      "dev": true
    },
    "@types/node": {
      "version": "14.17.32",
      "resolved": "https://registry.npmjs.org/@types/node/-/node-14.17.32.tgz",
      "integrity": "sha512-JcII3D5/OapPGx+eJ+Ik1SQGyt6WvuqdRfh9jUwL6/iHGjmyOriBDciBUu7lEIBTL2ijxwrR70WUnw5AEDmFvQ==",
      "dev": true
    },
    "@types/pixelmatch": {
      "version": "5.2.4",
      "resolved": "https://registry.npmjs.org/@types/pixelmatch/-/pixelmatch-5.2.4.tgz",
      "integrity": "sha512-HDaSHIAv9kwpMN7zlmwfTv6gax0PiporJOipcrGsVNF3Ba+kryOZc0Pio5pn6NhisgWr7TaajlPEKTbTAypIBQ==",
      "dev": true,
      "requires": {
        "@types/node": "*"
      }
    },
    "@types/pngjs": {
      "version": "6.0.1",
      "resolved": "https://registry.npmjs.org/@types/pngjs/-/pngjs-6.0.1.tgz",
      "integrity": "sha512-J39njbdW1U/6YyVXvC9+1iflZghP8jgRf2ndYghdJb5xL49LYDB+1EuAxfbuJ2IBbWIL3AjHPQhgaTxT3YaYeg==",
      "dev": true,
      "requires": {
        "@types/node": "*"
      }
    },
    "buffer-from": {
      "version": "1.1.2",
      "resolved": "https://registry.npmjs.org/buffer-from/-/buffer-from-1.1.2.tgz",
      "integrity": "sha512-E+XQCRwSbaaiChtv6k6Dwgc+bx+Bs6vuKJHHl5kox/BaKbhiXzqQOwK4cO22yElGp2OCmjwVhT3HmxgyPGnJfQ==",
      "dev": true
    },
    "commander": {
      "version": "8.3.0",
      "resolved": "https://registry.npmjs.org/commander/-/commander-8.3.0.tgz",
      "integrity": "sha512-OkTL9umf+He2DZkUq8f8J9of7yL6RJKI24dVITBmNfZBmri9zYZQrKkuXiKhyfPSu8tUhnVBB1iKXevvnlR4Ww==",
      "dev": true
    },
    "function-bind": {
      "version": "1.1.1",
      "resolved": "https://registry.npmjs.org/function-bind/-/function-bind-1.1.1.tgz",
      "integrity": "sha512-yIovAzMX49sF8Yl58fSCWJ5svSLuaibPxXQJFLmBObTuCr0Mf1KiPopGM9NiFjiYBCbfaa2Fh6breQ6ANVTI0A==",
      "dev": true
    },
    "has": {
      "version": "1.0.3",
      "resolved": "https://registry.npmjs.org/has/-/has-1.0.3.tgz",
      "integrity": "sha512-f2dvO0VU6Oej7RkWJGrehjbzMAjFp5/VKPp5tTpWIV4JHHZK1/BxbFRtf/siA2SWTe09caDmVtYYzWEIbBS4zw==",
      "dev": true,
      "requires": {
        "function-bind": "^1.1.1"
      }
    },
    "ignore": {
      "version": "5.1.9",
      "resolved": "https://registry.npmjs.org/ignore/-/ignore-5.1.9.tgz",
      "integrity": "sha512-2zeMQpbKz5dhZ9IwL0gbxSW5w0NK/MSAMtNuhgIHEPmaU3vPdKPL0UdvUCXs5SS4JAwsBxysK5sFMW8ocFiVjQ==",
      "dev": true
    },
    "is-core-module": {
      "version": "2.8.0",
      "resolved": "https://registry.npmjs.org/is-core-module/-/is-core-module-2.8.0.tgz",
      "integrity": "sha512-vd15qHsaqrRL7dtH6QNuy0ndJmRDrS9HAM1CAiSifNUFv4x1a0CCVsj18hJ1mShxIG6T2i1sO78MkP56r0nYRw==",
      "dev": true,
      "requires": {
        "has": "^1.0.3"
      }
    },
    "path-parse": {
      "version": "1.0.7",
      "resolved": "https://registry.npmjs.org/path-parse/-/path-parse-1.0.7.tgz",
      "integrity": "sha512-LDJzPVEEEPR+y48z93A0Ed0yXb8pAByGWo/k5YYdYgpY2/2EsOsksJrq7lOHxryrVOn1ejG6oAp8ahvOIQD8sw==",
      "dev": true
    },
    "pixelmatch": {
      "version": "5.2.1",
      "resolved": "https://registry.npmjs.org/pixelmatch/-/pixelmatch-5.2.1.tgz",
      "integrity": "sha512-WjcAdYSnKrrdDdqTcVEY7aB7UhhwjYQKYhHiBXdJef0MOaQeYpUdQ+iVyBLa5YBKS8MPVPPMX7rpOByISLpeEQ==",
      "requires": {
        "pngjs": "^4.0.1"
      },
      "dependencies": {
        "pngjs": {
          "version": "4.0.1",
          "resolved": "https://registry.npmjs.org/pngjs/-/pngjs-4.0.1.tgz",
          "integrity": "sha512-rf5+2/ioHeQxR6IxuYNYGFytUyG3lma/WW1nsmjeHlWwtb2aByla6dkVc8pmJ9nplzkTA0q2xx7mMWrOTqT4Gg=="
        }
      }
    },
    "pngjs": {
      "version": "6.0.0",
      "resolved": "https://registry.npmjs.org/pngjs/-/pngjs-6.0.0.tgz",
      "integrity": "sha512-TRzzuFRRmEoSW/p1KVAmiOgPco2Irlah+bGFCeNfJXxxYGwSw7YwAOAcd7X28K/m5bjBWKsC29KyoMfHbypayg=="
    },
    "prettier": {
      "version": "2.4.1",
      "resolved": "https://registry.npmjs.org/prettier/-/prettier-2.4.1.tgz",
      "integrity": "sha512-9fbDAXSBcc6Bs1mZrDYb3XKzDLm4EXXL9sC1LqKP5rZkT6KRr/rf9amVUcODVXgguK/isJz0d0hP72WeaKWsvA==",
      "dev": true
    },
    "resolve": {
      "version": "1.20.0",
      "resolved": "https://registry.npmjs.org/resolve/-/resolve-1.20.0.tgz",
      "integrity": "sha512-wENBPt4ySzg4ybFQW2TT1zMQucPK95HSh/nq2CFTZVOGut2+pQvSsgtda4d26YrYcr067wjbmzOG8byDPBX63A==",
      "dev": true,
      "requires": {
        "is-core-module": "^2.2.0",
        "path-parse": "^1.0.6"
      }
    },
    "source-map": {
      "version": "0.6.1",
      "resolved": "https://registry.npmjs.org/source-map/-/source-map-0.6.1.tgz",
      "integrity": "sha512-UjgapumWlbMhkBgzT7Ykc5YXUT46F0iKu8SGXq0bcwP5dz/h0Plj6enJqjz1Zbq2l5WaqYnrVbwWOWMyF3F47g==",
      "dev": true
    },
    "source-map-support": {
      "version": "0.5.20",
      "resolved": "https://registry.npmjs.org/source-map-support/-/source-map-support-0.5.20.tgz",
      "integrity": "sha512-n1lZZ8Ve4ksRqizaBQgxXDgKwttHDhyfQjA6YZZn8+AroHbsIz+JjwxQDxbp+7y5OYCI8t1Yk7etjD9CRd2hIw==",
      "dev": true,
      "requires": {
        "buffer-from": "^1.0.0",
        "source-map": "^0.6.0"
      }
    },
    "typescript": {
      "version": "4.4.4",
      "resolved": "https://registry.npmjs.org/typescript/-/typescript-4.4.4.tgz",
      "integrity": "sha512-DqGhF5IKoBl8WNf8C1gu8q0xZSInh9j1kJJMqT3a94w1JzVaBU4EXOSMrz9yDqMT0xt3selp83fuFMQ0uzv6qA==",
      "dev": true
    },
    "yaml": {
      "version": "1.10.2",
      "resolved": "https://registry.npmjs.org/yaml/-/yaml-1.10.2.tgz",
      "integrity": "sha512-r3vXyErRCYJ7wg28yvBY5VSoAF8ZvlcW9/BwUzEtUsjvX/DKs24dIkuwjtuprwJJHsbyUbLApepYTR1BN4uHrg==",
      "dev": true
    }
  }
}
